// !$*UTF8*$!
{
	archiveVersion = 1;
	classes = {
	};
	objectVersion = 50;
	objects = {

/* Begin PBXBuildFile section */
		AABB00BE218CF56900423390 /* AppDelegate.swift in Sources */ = {isa = PBXBuildFile; fileRef = AABB00BD218CF56900423390 /* AppDelegate.swift */; };
		AABB00C0218CF56900423390 /* ViewController.swift in Sources */ = {isa = PBXBuildFile; fileRef = AABB00BF218CF56900423390 /* ViewController.swift */; };
		AABB00C3218CF56900423390 /* Main.storyboard in Resources */ = {isa = PBXBuildFile; fileRef = AABB00C1218CF56900423390 /* Main.storyboard */; };
		AABB00C5218CF56A00423390 /* Assets.xcassets in Resources */ = {isa = PBXBuildFile; fileRef = AABB00C4218CF56A00423390 /* Assets.xcassets */; };
		AABB00C8218CF56A00423390 /* LaunchScreen.storyboard in Resources */ = {isa = PBXBuildFile; fileRef = AABB00C6218CF56A00423390 /* LaunchScreen.storyboard */; };
		AABB00D3218D0A2300423390 /* Extensions.swift in Sources */ = {isa = PBXBuildFile; fileRef = AABB00D2218D0A2300423390 /* Extensions.swift */; };
		AABB00D5218D168B00423390 /* Card.swift in Sources */ = {isa = PBXBuildFile; fileRef = AABB00D4218D168B00423390 /* Card.swift */; };
		AABB00D7218D415000423390 /* SetGame.swift in Sources */ = {isa = PBXBuildFile; fileRef = AABB00D6218D415000423390 /* SetGame.swift */; };
/* End PBXBuildFile section */

/* Begin PBXFileReference section */
		AABB00BA218CF56900423390 /* 2SetGame.app */ = {isa = PBXFileReference; explicitFileType = wrapper.application; includeInIndex = 0; path = 2SetGame.app; sourceTree = BUILT_PRODUCTS_DIR; };
		AABB00BD218CF56900423390 /* AppDelegate.swift */ = {isa = PBXFileReference; lastKnownFileType = sourcecode.swift; path = AppDelegate.swift; sourceTree = "<group>"; };
		AABB00BF218CF56900423390 /* ViewController.swift */ = {isa = PBXFileReference; lastKnownFileType = sourcecode.swift; path = ViewController.swift; sourceTree = "<group>"; };
		AABB00C2218CF56900423390 /* Base */ = {isa = PBXFileReference; lastKnownFileType = file.storyboard; name = Base; path = Base.lproj/Main.storyboard; sourceTree = "<group>"; };
		AABB00C4218CF56A00423390 /* Assets.xcassets */ = {isa = PBXFileReference; lastKnownFileType = folder.assetcatalog; path = Assets.xcassets; sourceTree = "<group>"; };
		AABB00C7218CF56A00423390 /* Base */ = {isa = PBXFileReference; lastKnownFileType = file.storyboard; name = Base; path = Base.lproj/LaunchScreen.storyboard; sourceTree = "<group>"; };
		AABB00C9218CF56A00423390 /* Info.plist */ = {isa = PBXFileReference; lastKnownFileType = text.plist.xml; path = Info.plist; sourceTree = "<group>"; };
		AABB00D2218D0A2300423390 /* Extensions.swift */ = {isa = PBXFileReference; lastKnownFileType = sourcecode.swift; path = Extensions.swift; sourceTree = "<group>"; };
		AABB00D4218D168B00423390 /* Card.swift */ = {isa = PBXFileReference; lastKnownFileType = sourcecode.swift; path = Card.swift; sourceTree = "<group>"; };
		AABB00D6218D415000423390 /* SetGame.swift */ = {isa = PBXFileReference; lastKnownFileType = sourcecode.swift; path = SetGame.swift; sourceTree = "<group>"; };
/* End PBXFileReference section */

/* Begin PBXFrameworksBuildPhase section */
		AABB00B7218CF56900423390 /* Frameworks */ = {
			isa = PBXFrameworksBuildPhase;
			buildActionMask = 2147483647;
			files = (
			);
			runOnlyForDeploymentPostprocessing = 0;
		};
/* End PBXFrameworksBuildPhase section */

/* Begin PBXGroup section */
		AABB00B1218CF56900423390 = {
			isa = PBXGroup;
			children = (
				AABB00BC218CF56900423390 /* 2SetGame */,
				AABB00BB218CF56900423390 /* Products */,
			);
			sourceTree = "<group>";
		};
		AABB00BB218CF56900423390 /* Products */ = {
			isa = PBXGroup;
			children = (
				AABB00BA218CF56900423390 /* 2SetGame.app */,
			);
			name = Products;
			sourceTree = "<group>";
		};
		AABB00BC218CF56900423390 /* 2SetGame */ = {
			isa = PBXGroup;
			children = (
				AABB00BD218CF56900423390 /* AppDelegate.swift */,
				AABB00BF218CF56900423390 /* ViewController.swift */,
				AABB00C1218CF56900423390 /* Main.storyboard */,
				AABB00C4218CF56A00423390 /* Assets.xcassets */,
				AABB00CF218CF70B00423390 /* Supporting Files */,
				AABB00C9218CF56A00423390 /* Info.plist */,
				AABB00D2218D0A2300423390 /* Extensions.swift */,
				AABB00D4218D168B00423390 /* Card.swift */,
				AABB00D6218D415000423390 /* SetGame.swift */,
			);
			path = 2SetGame;
			sourceTree = "<group>";
		};
		AABB00CF218CF70B00423390 /* Supporting Files */ = {
			isa = PBXGroup;
			children = (
				AABB00C6218CF56A00423390 /* LaunchScreen.storyboard */,
			);
			path = "Supporting Files";
			sourceTree = "<group>";
		};
/* End PBXGroup section */

/* Begin PBXNativeTarget section */
		AABB00B9218CF56900423390 /* 2SetGame */ = {
			isa = PBXNativeTarget;
			buildConfigurationList = AABB00CC218CF56A00423390 /* Build configuration list for PBXNativeTarget "2SetGame" */;
			buildPhases = (
				AABB00B6218CF56900423390 /* Sources */,
				AABB00B7218CF56900423390 /* Frameworks */,
				AABB00B8218CF56900423390 /* Resources */,
			);
			buildRules = (
			);
			dependencies = (
			);
			name = 2SetGame;
			productName = 2SetGame;
			productReference = AABB00BA218CF56900423390 /* 2SetGame.app */;
			productType = "com.apple.product-type.application";
		};
/* End PBXNativeTarget section */

/* Begin PBXProject section */
		AABB00B2218CF56900423390 /* Project object */ = {
			isa = PBXProject;
			attributes = {
				LastSwiftUpdateCheck = 1010;
				LastUpgradeCheck = 1010;
				ORGANIZATIONNAME = "Wu Personal Team";
				TargetAttributes = {
					AABB00B9218CF56900423390 = {
						CreatedOnToolsVersion = 10.1;
					};
				};
			};
			buildConfigurationList = AABB00B5218CF56900423390 /* Build configuration list for PBXProject "2SetGame" */;
			compatibilityVersion = "Xcode 9.3";
			developmentRegion = en;
			hasScannedForEncodings = 0;
			knownRegions = (
				en,
				Base,
			);
			mainGroup = AABB00B1218CF56900423390;
			productRefGroup = AABB00BB218CF56900423390 /* Products */;
			projectDirPath = "";
			projectRoot = "";
			targets = (
				AABB00B9218CF56900423390 /* 2SetGame */,
			);
		};
/* End PBXProject section */

/* Begin PBXResourcesBuildPhase section */
		AABB00B8218CF56900423390 /* Resources */ = {
			isa = PBXResourcesBuildPhase;
			buildActionMask = 2147483647;
			files = (
				AABB00C8218CF56A00423390 /* LaunchScreen.storyboard in Resources */,
				AABB00C5218CF56A00423390 /* Assets.xcassets in Resources */,
				AABB00C3218CF56900423390 /* Main.storyboard in Resources */,
			);
			runOnlyForDeploymentPostprocessing = 0;
		};
/* End PBXResourcesBuildPhase section */

/* Begin PBXSourcesBuildPhase section */
		AABB00B6218CF56900423390 /* Sources */ = {
			isa = PBXSourcesBuildPhase;
			buildActionMask = 2147483647;
			files = (
				AABB00C0218CF56900423390 /* ViewController.swift in Sources */,
				AABB00D3218D0A2300423390 /* Extensions.swift in Sources */,
				AABB00D7218D415000423390 /* SetGame.swift in Sources */,
				AABB00BE218CF56900423390 /* AppDelegate.swift in Sources */,
				AABB00D5218D168B00423390 /* Card.swift in Sources */,
			);
			runOnlyForDeploymentPostprocessing = 0;
		};
/* End PBXSourcesBuildPhase section */

/* Begin PBXVariantGroup section */
		AABB00C1218CF56900423390 /* Main.storyboard */ = {
			isa = PBXVariantGroup;
			children = (
				AABB00C2218CF56900423390 /* Base */,
			);
			name = Main.storyboard;
			sourceTree = "<group>";
		};
		AABB00C6218CF56A00423390 /* LaunchScreen.storyboard */ = {
			isa = PBXVariantGroup;
			children = (
				AABB00C7218CF56A00423390 /* Base */,
			);
			name = LaunchScreen.storyboard;
			sourceTree = "<group>";
		};
/* End PBXVariantGroup section */

/* Begin XCBuildConfiguration section */
		AABB00CA218CF56A00423390 /* Debug */ = {
			isa = XCBuildConfiguration;
			buildSettings = {
				ALWAYS_SEARCH_USER_PATHS = NO;
				CLANG_ANALYZER_NONNULL = YES;
				CLANG_ANALYZER_NUMBER_OBJECT_CONVERSION = YES_AGGRESSIVE;
				CLANG_CXX_LANGUAGE_STANDARD = "gnu++14";
				CLANG_CXX_LIBRARY = "libc++";
				CLANG_ENABLE_MODULES = YES;
				CLANG_ENABLE_OBJC_ARC = YES;
				CLANG_ENABLE_OBJC_WEAK = YES;
				CLANG_WARN_BLOCK_CAPTURE_AUTORELEASING = YES;
				CLANG_WARN_BOOL_CONVERSION = YES;
				CLANG_WARN_COMMA = YES;
				CLANG_WARN_CONSTANT_CONVERSION = YES;
				CLANG_WARN_DEPRECATED_OBJC_IMPLEMENTATIONS = YES;
				CLANG_WARN_DIRECT_OBJC_ISA_USAGE = YES_ERROR;
				CLANG_WARN_DOCUMENTATION_COMMENTS = YES;
				CLANG_WARN_EMPTY_BODY = YES;
				CLANG_WARN_ENUM_CONVERSION = YES;
				CLANG_WARN_INFINITE_RECURSION = YES;
				CLANG_WARN_INT_CONVERSION = YES;
				CLANG_WARN_NON_LITERAL_NULL_CONVERSION = YES;
				CLANG_WARN_OBJC_IMPLICIT_RETAIN_SELF = YES;
				CLANG_WARN_OBJC_LITERAL_CONVERSION = YES;
				CLANG_WARN_OBJC_ROOT_CLASS = YES_ERROR;
				CLANG_WARN_RANGE_LOOP_ANALYSIS = YES;
				CLANG_WARN_STRICT_PROTOTYPES = YES;
				CLANG_WARN_SUSPICIOUS_MOVE = YES;
				CLANG_WARN_UNGUARDED_AVAILABILITY = YES_AGGRESSIVE;
				CLANG_WARN_UNREACHABLE_CODE = YES;
				CLANG_WARN__DUPLICATE_METHOD_MATCH = YES;
				CODE_SIGN_IDENTITY = "iPhone Developer";
				COPY_PHASE_STRIP = NO;
				DEBUG_INFORMATION_FORMAT = dwarf;
				ENABLE_STRICT_OBJC_MSGSEND = YES;
				ENABLE_TESTABILITY = YES;
				GCC_C_LANGUAGE_STANDARD = gnu11;
				GCC_DYNAMIC_NO_PIC = NO;
				GCC_NO_COMMON_BLOCKS = YES;
				GCC_OPTIMIZATION_LEVEL = 0;
				GCC_PREPROCESSOR_DEFINITIONS = (
					"DEBUG=1",
					"$(inherited)",
				);
				GCC_WARN_64_TO_32_BIT_CONVERSION = YES;
				GCC_WARN_ABOUT_RETURN_TYPE = YES_ERROR;
				GCC_WARN_UNDECLARED_SELECTOR = YES;
				GCC_WARN_UNINITIALIZED_AUTOS = YES_AGGRESSIVE;
				GCC_WARN_UNUSED_FUNCTION = YES;
				GCC_WARN_UNUSED_VARIABLE = YES;
				IPHONEOS_DEPLOYMENT_TARGET = 12.1;
				MTL_ENABLE_DEBUG_INFO = INCLUDE_SOURCE;
				MTL_FAST_MATH = YES;
				ONLY_ACTIVE_ARCH = YES;
				SDKROOT = iphoneos;
				SWIFT_ACTIVE_COMPILATION_CONDITIONS = DEBUG;
				SWIFT_OPTIMIZATION_LEVEL = "-Onone";
			};
			name = Debug;
		};
		AABB00CB218CF56A00423390 /* Release */ = {
			isa = XCBuildConfiguration;
			buildSettings = {
				ALWAYS_SEARCH_USER_PATHS = NO;
				CLANG_ANALYZER_NONNULL = YES;
				CLANG_ANALYZER_NUMBER_OBJECT_CONVERSION = YES_AGGRESSIVE;
				CLANG_CXX_LANGUAGE_STANDARD = "gnu++14";
				CLANG_CXX_LIBRARY = "libc++";
				CLANG_ENABLE_MODULES = YES;
				CLANG_ENABLE_OBJC_ARC = YES;
				CLANG_ENABLE_OBJC_WEAK = YES;
				CLANG_WARN_BLOCK_CAPTURE_AUTORELEASING = YES;
				CLANG_WARN_BOOL_CONVERSION = YES;
				CLANG_WARN_COMMA = YES;
				CLANG_WARN_CONSTANT_CONVERSION = YES;
				CLANG_WARN_DEPRECATED_OBJC_IMPLEMENTATIONS = YES;
				CLANG_WARN_DIRECT_OBJC_ISA_USAGE = YES_ERROR;
				CLANG_WARN_DOCUMENTATION_COMMENTS = YES;
				CLANG_WARN_EMPTY_BODY = YES;
				CLANG_WARN_ENUM_CONVERSION = YES;
				CLANG_WARN_INFINITE_RECURSION = YES;
				CLANG_WARN_INT_CONVERSION = YES;
				CLANG_WARN_NON_LITERAL_NULL_CONVERSION = YES;
				CLANG_WARN_OBJC_IMPLICIT_RETAIN_SELF = YES;
				CLANG_WARN_OBJC_LITERAL_CONVERSION = YES;
				CLANG_WARN_OBJC_ROOT_CLASS = YES_ERROR;
				CLANG_WARN_RANGE_LOOP_ANALYSIS = YES;
				CLANG_WARN_STRICT_PROTOTYPES = YES;
				CLANG_WARN_SUSPICIOUS_MOVE = YES;
				CLANG_WARN_UNGUARDED_AVAILABILITY = YES_AGGRESSIVE;
				CLANG_WARN_UNREACHABLE_CODE = YES;
				CLANG_WARN__DUPLICATE_METHOD_MATCH = YES;
				CODE_SIGN_IDENTITY = "iPhone Developer";
				COPY_PHASE_STRIP = NO;
				DEBUG_INFORMATION_FORMAT = "dwarf-with-dsym";
				ENABLE_NS_ASSERTIONS = NO;
				ENABLE_STRICT_OBJC_MSGSEND = YES;
				GCC_C_LANGUAGE_STANDARD = gnu11;
				GCC_NO_COMMON_BLOCKS = YES;
				GCC_WARN_64_TO_32_BIT_CONVERSION = YES;
				GCC_WARN_ABOUT_RETURN_TYPE = YES_ERROR;
				GCC_WARN_UNDECLARED_SELECTOR = YES;
				GCC_WARN_UNINITIALIZED_AUTOS = YES_AGGRESSIVE;
				GCC_WARN_UNUSED_FUNCTION = YES;
				GCC_WARN_UNUSED_VARIABLE = YES;
				IPHONEOS_DEPLOYMENT_TARGET = 12.1;
				MTL_ENABLE_DEBUG_INFO = NO;
				MTL_FAST_MATH = YES;
				SDKROOT = iphoneos;
				SWIFT_COMPILATION_MODE = wholemodule;
				SWIFT_OPTIMIZATION_LEVEL = "-O";
				VALIDATE_PRODUCT = YES;
			};
			name = Release;
		};
		AABB00CD218CF56A00423390 /* Debug */ = {
			isa = XCBuildConfiguration;
			buildSettings = {
				ASSETCATALOG_COMPILER_APPICON_NAME = AppIcon;
				CODE_SIGN_IDENTITY = "iPhone Developer";
				CODE_SIGN_STYLE = Automatic;
				DEVELOPMENT_TEAM = LU3JN774B5;
				INFOPLIST_FILE = 2SetGame/Info.plist;
				LD_RUNPATH_SEARCH_PATHS = (
					"$(inherited)",
					"@executable_path/Frameworks",
				);
				PRODUCT_BUNDLE_IDENTIFIER = com.dpsg.internal.SetGame;
				PRODUCT_NAME = "$(TARGET_NAME)";
				PROVISIONING_PROFILE_SPECIFIER = "";
				SWIFT_VERSION = 4.2;
				TARGETED_DEVICE_FAMILY = "1,2";
			};
			name = Debug;
		};
		AABB00CE218CF56A00423390 /* Release */ = {
			isa = XCBuildConfiguration;
			buildSettings = {
				ASSETCATALOG_COMPILER_APPICON_NAME = AppIcon;
				CODE_SIGN_IDENTITY = "iPhone Developer";
				CODE_SIGN_STYLE = Automatic;
				DEVELOPMENT_TEAM = LU3JN774B5;
				INFOPLIST_FILE = 2SetGame/Info.plist;
				LD_RUNPATH_SEARCH_PATHS = (
					"$(inherited)",
					"@executable_path/Frameworks",
				);
				PRODUCT_BUNDLE_IDENTIFIER = com.dpsg.internal.SetGame;
				PRODUCT_NAME = "$(TARGET_NAME)";
				PROVISIONING_PROFILE_SPECIFIER = "";
				SWIFT_VERSION = 4.2;
				TARGETED_DEVICE_FAMILY = "1,2";
			};
			name = Release;
		};
/* End XCBuildConfiguration section */

/* Begin XCConfigurationList section */
		AABB00B5218CF56900423390 /* Build configuration list for PBXProject "2SetGame" */ = {
			isa = XCConfigurationList;
			buildConfigurations = (
				AABB00CA218CF56A00423390 /* Debug */,
				AABB00CB218CF56A00423390 /* Release */,
			);
			defaultConfigurationIsVisible = 0;
			defaultConfigurationName = Release;
		};
		AABB00CC218CF56A00423390 /* Build configuration list for PBXNativeTarget "2SetGame" */ = {
			isa = XCConfigurationList;
			buildConfigurations = (
				AABB00CD218CF56A00423390 /* Debug */,
				AABB00CE218CF56A00423390 /* Release */,
			);
			defaultConfigurationIsVisible = 0;
			defaultConfigurationName = Release;
		};
/* End XCConfigurationList section */
	};
	rootObject = AABB00B2218CF56900423390 /* Project object */;
}
